
Microsoft Visual Studio Solution File, Format Version 12.00
# Visual Studio 15
VisualStudioVersion = 15.0.28307.1684
MinimumVisualStudioVersion = 10.0.40219.1
Project("{8BC9CEB8-8B4A-11D0-8D11-00A0C91BC942}") = "1942", "1942\1942.vcxproj", "{773ACCDF-1365-4863-BC9A-C8FD7A22D174}"
EndProject
Global
	GlobalSection(SolutionConfigurationPlatforms) = preSolution
		Debug|x64 = Debug|x64
		Debug|x86 = Debug|x86
		Release|x64 = Release|x64
		Release|x86 = Release|x86
	EndGlobalSection
	GlobalSection(ProjectConfigurationPlatforms) = postSolution
		{773ACCDF-1365-4863-BC9A-C8FD7A22D174}.Debug|x64.ActiveCfg = Debug|x64
		{773ACCDF-1365-4863-BC9A-C8FD7A22D174}.Debug|x64.Build.0 = Debug|x64
		{773ACCDF-1365-4863-BC9A-C8FD7A22D174}.Debug|x86.ActiveCfg = Debug|Win32
		{773ACCDF-1365-4863-BC9A-C8FD7A22D174}.Debug|x86.Build.0 = Debug|Win32
		{773ACCDF-1365-4863-BC9A-C8FD7A22D174}.Release|x64.ActiveCfg = Release|x64
		{773ACCDF-1365-4863-BC9A-C8FD7A22D174}.Release|x64.Build.0 = Release|x64
		{773ACCDF-1365-4863-BC9A-C8FD7A22D174}.Release|x86.ActiveCfg = Release|Win32
		{773ACCDF-1365-4863-BC9A-C8FD7A22D174}.Release|x86.Build.0 = Release|Win32
	EndGlobalSection
	GlobalSection(SolutionProperties) = preSolution
		HideSolutionNode = FALSE
	EndGlobalSection
	GlobalSection(ExtensibilityGlobals) = postSolution
		SolutionGuid = {399C5664-06A5-446E-AAC2-83247F11B94C}
	EndGlobalSection
EndGlobal
